
Microsoft Visual Studio Solution File, Format Version 12.00
# Visual Studio Version 17
VisualStudioVersion = 17.6.33829.357
MinimumVisualStudioVersion = 10.0.40219.1
Project("{9A19103F-16F7-4668-BE54-9A1E7A4F7556}") = "wpf", "wpf\wpf.csproj", "{4894F2EF-195B-4726-BB0C-F63A3149A95B}"
EndProject
Project("{FAE04EC0-301F-11D3-BF4B-00C04F79EFBC}") = "models", "models\models.csproj", "{4AE8B7EE-80CF-43E1-AA1F-EC18DBAE4756}"
EndProject
Project("{FAE04EC0-301F-11D3-BF4B-00C04F79EFBC}") = "dal", "dal\dal.csproj", "{00F3BDCC-929D-468E-A15A-8100A3F8A7F6}"
EndProject
Global
	GlobalSection(SolutionConfigurationPlatforms) = preSolution
		Debug|Any CPU = Debug|Any CPU
		Release|Any CPU = Release|Any CPU
	EndGlobalSection
	GlobalSection(ProjectConfigurationPlatforms) = postSolution
		{4894F2EF-195B-4726-BB0C-F63A3149A95B}.Debug|Any CPU.ActiveCfg = Debug|Any CPU
		{4894F2EF-195B-4726-BB0C-F63A3149A95B}.Debug|Any CPU.Build.0 = Debug|Any CPU
		{4894F2EF-195B-4726-BB0C-F63A3149A95B}.Release|Any CPU.ActiveCfg = Release|Any CPU
		{4894F2EF-195B-4726-BB0C-F63A3149A95B}.Release|Any CPU.Build.0 = Release|Any CPU
		{4AE8B7EE-80CF-43E1-AA1F-EC18DBAE4756}.Debug|Any CPU.ActiveCfg = Debug|Any CPU
		{4AE8B7EE-80CF-43E1-AA1F-EC18DBAE4756}.Debug|Any CPU.Build.0 = Debug|Any CPU
		{4AE8B7EE-80CF-43E1-AA1F-EC18DBAE4756}.Release|Any CPU.ActiveCfg = Release|Any CPU
		{4AE8B7EE-80CF-43E1-AA1F-EC18DBAE4756}.Release|Any CPU.Build.0 = Release|Any CPU
		{00F3BDCC-929D-468E-A15A-8100A3F8A7F6}.Debug|Any CPU.ActiveCfg = Debug|Any CPU
		{00F3BDCC-929D-468E-A15A-8100A3F8A7F6}.Debug|Any CPU.Build.0 = Debug|Any CPU
		{00F3BDCC-929D-468E-A15A-8100A3F8A7F6}.Release|Any CPU.ActiveCfg = Release|Any CPU
		{00F3BDCC-929D-468E-A15A-8100A3F8A7F6}.Release|Any CPU.Build.0 = Release|Any CPU
	EndGlobalSection
	GlobalSection(SolutionProperties) = preSolution
		HideSolutionNode = FALSE
	EndGlobalSection
	GlobalSection(ExtensibilityGlobals) = postSolution
		SolutionGuid = {7FB19EC0-A62E-407F-9757-A4684A33BEAD}
	EndGlobalSection
EndGlobal
